
Microsoft Visual Studio Solution File, Format Version 12.00
# Visual Studio Version 17
VisualStudioVersion = 17.11.35312.102
MinimumVisualStudioVersion = 10.0.40219.1
Project("{FAE04EC0-301F-11D3-BF4B-00C04F79EFBC}") = "Fundamentos de C#", "Fundamentos de C#.csproj", "{EDB914E0-2792-4F20-BDDC-A01F396244B7}"
EndProject
Global
	GlobalSection(SolutionConfigurationPlatforms) = preSolution
		Debug|Any CPU = Debug|Any CPU
		Release|Any CPU = Release|Any CPU
	EndGlobalSection
	GlobalSection(ProjectConfigurationPlatforms) = postSolution
		{EDB914E0-2792-4F20-BDDC-A01F396244B7}.Debug|Any CPU.ActiveCfg = Debug|Any CPU
		{EDB914E0-2792-4F20-BDDC-A01F396244B7}.Debug|Any CPU.Build.0 = Debug|Any CPU
		{EDB914E0-2792-4F20-BDDC-A01F396244B7}.Release|Any CPU.ActiveCfg = Release|Any CPU
		{EDB914E0-2792-4F20-BDDC-A01F396244B7}.Release|Any CPU.Build.0 = Release|Any CPU
	EndGlobalSection
	GlobalSection(SolutionProperties) = preSolution
		HideSolutionNode = FALSE
	EndGlobalSection
	GlobalSection(ExtensibilityGlobals) = postSolution
		SolutionGuid = {945E8F79-0826-4ACF-A7CB-B42355A3FA82}
	EndGlobalSection
EndGlobal
